
Microsoft Visual Studio Solution File, Format Version 12.00
# Visual Studio Version 17
VisualStudioVersion = 17.13.35913.81 d17.13
MinimumVisualStudioVersion = 10.0.40219.1
Project("{FAE04EC0-301F-11D3-BF4B-00C04F79EFBC}") = "supermarket-mvp_lt", "supermarket-mvp_lt.csproj", "{91C7F117-582E-49BF-9B5E-711C12850010}"
EndProject
Global
	GlobalSection(SolutionConfigurationPlatforms) = preSolution
		Debug|Any CPU = Debug|Any CPU
		Release|Any CPU = Release|Any CPU
	EndGlobalSection
	GlobalSection(ProjectConfigurationPlatforms) = postSolution
		{91C7F117-582E-49BF-9B5E-711C12850010}.Debug|Any CPU.ActiveCfg = Debug|Any CPU
		{91C7F117-582E-49BF-9B5E-711C12850010}.Debug|Any CPU.Build.0 = Debug|Any CPU
		{91C7F117-582E-49BF-9B5E-711C12850010}.Release|Any CPU.ActiveCfg = Release|Any CPU
		{91C7F117-582E-49BF-9B5E-711C12850010}.Release|Any CPU.Build.0 = Release|Any CPU
	EndGlobalSection
	GlobalSection(SolutionProperties) = preSolution
		HideSolutionNode = FALSE
	EndGlobalSection
	GlobalSection(ExtensibilityGlobals) = postSolution
		SolutionGuid = {928ADCB2-EAC2-493B-BDDD-1C2EED69C896}
	EndGlobalSection
EndGlobal
